
Microsoft Visual Studio Solution File, Format Version 12.00
# Visual Studio 2012
Project("{FAE04EC0-301F-11D3-BF4B-00C04F79EFBC}") = "Microsoft.SqlServer.IntegrationServices.Build", "SSIS2012Tasks\Microsoft.SqlServer.IntegrationServices.Build.csproj", "{65FD5E88-5EBF-48C7-B4AB-79D70FB7977D}"
EndProject
Global
	GlobalSection(TeamFoundationVersionControl) = preSolution
		SccNumberOfProjects = 2
		SccEnterpriseProvider = {4CA58AB2-18FA-4F8D-95D4-32DDF27D184C}
		SccTeamFoundationServer = https://tfs.codeplex.com/tfs/tfs33
		SccLocalPath0 = .
		SccProjectUniqueName1 = SSIS2012Tasks\\Microsoft.SqlServer.IntegrationServices.Build.csproj
		SccProjectName1 = SSIS2012Tasks
		SccLocalPath1 = SSIS2012Tasks
	EndGlobalSection
	GlobalSection(SolutionConfigurationPlatforms) = preSolution
		Debug|Any CPU = Debug|Any CPU
		Release|Any CPU = Release|Any CPU
	EndGlobalSection
	GlobalSection(ProjectConfigurationPlatforms) = postSolution
		{65FD5E88-5EBF-48C7-B4AB-79D70FB7977D}.Debug|Any CPU.ActiveCfg = Debug|Any CPU
		{65FD5E88-5EBF-48C7-B4AB-79D70FB7977D}.Debug|Any CPU.Build.0 = Debug|Any CPU
		{65FD5E88-5EBF-48C7-B4AB-79D70FB7977D}.Release|Any CPU.ActiveCfg = Release|Any CPU
		{65FD5E88-5EBF-48C7-B4AB-79D70FB7977D}.Release|Any CPU.Build.0 = Release|Any CPU
	EndGlobalSection
	GlobalSection(SolutionProperties) = preSolution
		HideSolutionNode = FALSE
	EndGlobalSection
EndGlobal
